Microsoft Visual Studio Solution File, Format Version 12.00
# Visual Studio Version 17
VisualStudioVersion = 17.5.2.0
MinimumVisualStudioVersion = 10.0.40219.1
Project("{FAE04EC0-301F-11D3-BF4B-00C04F79EFBC}") = "AtosCartorio", "AtosCartorio.csproj", "{C48C7880-75BD-0710-4D49-10C7950457F0}"
EndProject
Global
	GlobalSection(SolutionConfigurationPlatforms) = preSolution
		Debug|Any CPU = Debug|Any CPU
		Release|Any CPU = Release|Any CPU
	EndGlobalSection
	GlobalSection(ProjectConfigurationPlatforms) = postSolution
		{C48C7880-75BD-0710-4D49-10C7950457F0}.Debug|Any CPU.ActiveCfg = Debug|Any CPU
		{C48C7880-75BD-0710-4D49-10C7950457F0}.Debug|Any CPU.Build.0 = Debug|Any CPU
		{C48C7880-75BD-0710-4D49-10C7950457F0}.Release|Any CPU.ActiveCfg = Release|Any CPU
		{C48C7880-75BD-0710-4D49-10C7950457F0}.Release|Any CPU.Build.0 = Release|Any CPU
	EndGlobalSection
	GlobalSection(SolutionProperties) = preSolution
		HideSolutionNode = FALSE
	EndGlobalSection
	GlobalSection(ExtensibilityGlobals) = postSolution
		SolutionGuid = {F95DEC51-C290-49A7-8DC5-05A56034F2FC}
	EndGlobalSection
EndGlobal
